
Microsoft Visual Studio Solution File, Format Version 12.00
# Visual Studio Version 17
VisualStudioVersion = 17.13.35913.81 d17.13
MinimumVisualStudioVersion = 10.0.40219.1
Project("{FAE04EC0-301F-11D3-BF4B-00C04F79EFBC}") = "Upn", "Upn\Upn.csproj", "{2F2DDA1D-2BF9-4F4B-95C6-1F619B04F9B2}"
EndProject
Global
	GlobalSection(SolutionConfigurationPlatforms) = preSolution
		Debug|Any CPU = Debug|Any CPU
		Release|Any CPU = Release|Any CPU
	EndGlobalSection
	GlobalSection(ProjectConfigurationPlatforms) = postSolution
		{2F2DDA1D-2BF9-4F4B-95C6-1F619B04F9B2}.Debug|Any CPU.ActiveCfg = Debug|Any CPU
		{2F2DDA1D-2BF9-4F4B-95C6-1F619B04F9B2}.Debug|Any CPU.Build.0 = Debug|Any CPU
		{2F2DDA1D-2BF9-4F4B-95C6-1F619B04F9B2}.Release|Any CPU.ActiveCfg = Release|Any CPU
		{2F2DDA1D-2BF9-4F4B-95C6-1F619B04F9B2}.Release|Any CPU.Build.0 = Release|Any CPU
	EndGlobalSection
	GlobalSection(SolutionProperties) = preSolution
		HideSolutionNode = FALSE
	EndGlobalSection
	GlobalSection(ExtensibilityGlobals) = postSolution
		SolutionGuid = {3CB12242-3BD1-4F94-B8B1-BED3F7079AC3}
	EndGlobalSection
EndGlobal
